
Microsoft Visual Studio Solution File, Format Version 12.00
# Visual Studio Version 17
VisualStudioVersion = 17.0.31903.59
MinimumVisualStudioVersion = 10.0.40219.1
Project("{2150E333-8FDC-42A3-9474-1A3956D46DE8}") = "src", "src", "{827E0CD3-B72D-47B6-A68D-7590B98EB39B}"
EndProject
Project("{FAE04EC0-301F-11D3-BF4B-00C04F79EFBC}") = "DrasiWake.Core", "src\DrasiWake.Core\DrasiWake.Core.csproj", "{D3309131-B356-45FC-AF5F-4CB586FF1488}"
EndProject
Project("{2150E333-8FDC-42A3-9474-1A3956D46DE8}") = "tests", "tests", "{0AB3BF05-4346-4AA6-1389-037BE0695223}"
EndProject
Project("{FAE04EC0-301F-11D3-BF4B-00C04F79EFBC}") = "DrasiWake.Core.Tests", "tests\DrasiWake.Core.Tests\DrasiWake.Core.Tests.csproj", "{2B76428F-1E18-4B0C-B2BD-DCD557E01C61}"
EndProject
Project("{FAE04EC0-301F-11D3-BF4B-00C04F79EFBC}") = "DrasiWake.Adapters.DrasiServer", "src\DrasiWake.Adapters.DrasiServer\DrasiWake.Adapters.DrasiServer.csproj", "{C5712AF4-3229-470D-8156-AA9B1795AC0F}"
EndProject
Project("{FAE04EC0-301F-11D3-BF4B-00C04F79EFBC}") = "DrasiWake.Adapters.OpenClaw", "src\DrasiWake.Adapters.OpenClaw\DrasiWake.Adapters.OpenClaw.csproj", "{82216E6D-0E91-4F76-A37F-1CCA4F9C8AF1}"
EndProject
Project("{FAE04EC0-301F-11D3-BF4B-00C04F79EFBC}") = "DrasiWake.Persistence.SonnetDB", "src\DrasiWake.Persistence.SonnetDB\DrasiWake.Persistence.SonnetDB.csproj", "{96CCD08E-C245-4B03-BA21-02AF40BE3260}"
EndProject
Project("{FAE04EC0-301F-11D3-BF4B-00C04F79EFBC}") = "DrasiWake.Host", "src\DrasiWake.Host\DrasiWake.Host.csproj", "{C6F0825C-1268-472A-ABC7-B91124EB643C}"
EndProject
Project("{FAE04EC0-301F-11D3-BF4B-00C04F79EFBC}") = "DrasiWake.Adapters.DrasiServer.Tests", "tests\DrasiWake.Adapters.DrasiServer.Tests\DrasiWake.Adapters.DrasiServer.Tests.csproj", "{FA7598FA-528A-4145-B959-D790BB85EB29}"
EndProject
Project("{FAE04EC0-301F-11D3-BF4B-00C04F79EFBC}") = "DrasiWake.Adapters.OpenClaw.Tests", "tests\DrasiWake.Adapters.OpenClaw.Tests\DrasiWake.Adapters.OpenClaw.Tests.csproj", "{2C9146E7-7EA5-4752-90B1-CE82598E16CE}"
EndProject
Project("{FAE04EC0-301F-11D3-BF4B-00C04F79EFBC}") = "DrasiWake.Persistence.SonnetDB.Tests", "tests\DrasiWake.Persistence.SonnetDB.Tests\DrasiWake.Persistence.SonnetDB.Tests.csproj", "{023564AB-BC72-4F7E-9887-EEECAFEE5C89}"
EndProject
Project("{FAE04EC0-301F-11D3-BF4B-00C04F79EFBC}") = "DrasiWake.IntegrationTests", "tests\DrasiWake.IntegrationTests\DrasiWake.IntegrationTests.csproj", "{0CDE8468-D97E-48F1-90E0-32B9CE20C255}"
EndProject
Global
	GlobalSection(SolutionConfigurationPlatforms) = preSolution
		Debug|Any CPU = Debug|Any CPU
		Debug|x64 = Debug|x64
		Debug|x86 = Debug|x86
		Release|Any CPU = Release|Any CPU
		Release|x64 = Release|x64
		Release|x86 = Release|x86
	EndGlobalSection
	GlobalSection(ProjectConfigurationPlatforms) = postSolution
		{D3309131-B356-45FC-AF5F-4CB586FF1488}.Debug|Any CPU.ActiveCfg = Debug|Any CPU
		{D3309131-B356-45FC-AF5F-4CB586FF1488}.Debug|Any CPU.Build.0 = Debug|Any CPU
		{D3309131-B356-45FC-AF5F-4CB586FF1488}.Debug|x64.ActiveCfg = Debug|Any CPU
		{D3309131-B356-45FC-AF5F-4CB586FF1488}.Debug|x64.Build.0 = Debug|Any CPU
		{D3309131-B356-45FC-AF5F-4CB586FF1488}.Debug|x86.ActiveCfg = Debug|Any CPU
		{D3309131-B356-45FC-AF5F-4CB586FF1488}.Debug|x86.Build.0 = Debug|Any CPU
		{D3309131-B356-45FC-AF5F-4CB586FF1488}.Release|Any CPU.ActiveCfg = Release|Any CPU
		{D3309131-B356-45FC-AF5F-4CB586FF1488}.Release|Any CPU.Build.0 = Release|Any CPU
		{D3309131-B356-45FC-AF5F-4CB586FF1488}.Release|x64.ActiveCfg = Release|Any CPU
		{D3309131-B356-45FC-AF5F-4CB586FF1488}.Release|x64.Build.0 = Release|Any CPU
		{D3309131-B356-45FC-AF5F-4CB586FF1488}.Release|x86.ActiveCfg = Release|Any CPU
		{D3309131-B356-45FC-AF5F-4CB586FF1488}.Release|x86.Build.0 = Release|Any CPU
		{2B76428F-1E18-4B0C-B2BD-DCD557E01C61}.Debug|Any CPU.ActiveCfg = Debug|Any CPU
		{2B76428F-1E18-4B0C-B2BD-DCD557E01C61}.Debug|Any CPU.Build.0 = Debug|Any CPU
		{2B76428F-1E18-4B0C-B2BD-DCD557E01C61}.Debug|x64.ActiveCfg = Debug|Any CPU
		{2B76428F-1E18-4B0C-B2BD-DCD557E01C61}.Debug|x64.Build.0 = Debug|Any CPU
		{2B76428F-1E18-4B0C-B2BD-DCD557E01C61}.Debug|x86.ActiveCfg = Debug|Any CPU
		{2B76428F-1E18-4B0C-B2BD-DCD557E01C61}.Debug|x86.Build.0 = Debug|Any CPU
		{2B76428F-1E18-4B0C-B2BD-DCD557E01C61}.Release|Any CPU.ActiveCfg = Release|Any CPU
		{2B76428F-1E18-4B0C-B2BD-DCD557E01C61}.Release|Any CPU.Build.0 = Release|Any CPU
		{2B76428F-1E18-4B0C-B2BD-DCD557E01C61}.Release|x64.ActiveCfg = Release|Any CPU
		{2B76428F-1E18-4B0C-B2BD-DCD557E01C61}.Release|x64.Build.0 = Release|Any CPU
		{2B76428F-1E18-4B0C-B2BD-DCD557E01C61}.Release|x86.ActiveCfg = Release|Any CPU
		{2B76428F-1E18-4B0C-B2BD-DCD557E01C61}.Release|x86.Build.0 = Release|Any CPU
		{C5712AF4-3229-470D-8156-AA9B1795AC0F}.Debug|Any CPU.ActiveCfg = Debug|Any CPU
		{C5712AF4-3229-470D-8156-AA9B1795AC0F}.Debug|Any CPU.Build.0 = Debug|Any CPU
		{C5712AF4-3229-470D-8156-AA9B1795AC0F}.Debug|x64.ActiveCfg = Debug|Any CPU
		{C5712AF4-3229-470D-8156-AA9B1795AC0F}.Debug|x64.Build.0 = Debug|Any CPU
		{C5712AF4-3229-470D-8156-AA9B1795AC0F}.Debug|x86.ActiveCfg = Debug|Any CPU
		{C5712AF4-3229-470D-8156-AA9B1795AC0F}.Debug|x86.Build.0 = Debug|Any CPU
		{C5712AF4-3229-470D-8156-AA9B1795AC0F}.Release|Any CPU.ActiveCfg = Release|Any CPU
		{C5712AF4-3229-470D-8156-AA9B1795AC0F}.Release|Any CPU.Build.0 = Release|Any CPU
		{C5712AF4-3229-470D-8156-AA9B1795AC0F}.Release|x64.ActiveCfg = Release|Any CPU
		{C5712AF4-3229-470D-8156-AA9B1795AC0F}.Release|x64.Build.0 = Release|Any CPU
		{C5712AF4-3229-470D-8156-AA9B1795AC0F}.Release|x86.ActiveCfg = Release|Any CPU
		{C5712AF4-3229-470D-8156-AA9B1795AC0F}.Release|x86.Build.0 = Release|Any CPU
		{82216E6D-0E91-4F76-A37F-1CCA4F9C8AF1}.Debug|Any CPU.ActiveCfg = Debug|Any CPU
		{82216E6D-0E91-4F76-A37F-1CCA4F9C8AF1}.Debug|Any CPU.Build.0 = Debug|Any CPU
		{82216E6D-0E91-4F76-A37F-1CCA4F9C8AF1}.Debug|x64.ActiveCfg = Debug|Any CPU
		{82216E6D-0E91-4F76-A37F-1CCA4F9C8AF1}.Debug|x64.Build.0 = Debug|Any CPU
		{82216E6D-0E91-4F76-A37F-1CCA4F9C8AF1}.Debug|x86.ActiveCfg = Debug|Any CPU
		{82216E6D-0E91-4F76-A37F-1CCA4F9C8AF1}.Debug|x86.Build.0 = Debug|Any CPU
		{82216E6D-0E91-4F76-A37F-1CCA4F9C8AF1}.Release|Any CPU.ActiveCfg = Release|Any CPU
		{82216E6D-0E91-4F76-A37F-1CCA4F9C8AF1}.Release|Any CPU.Build.0 = Release|Any CPU
		{82216E6D-0E91-4F76-A37F-1CCA4F9C8AF1}.Release|x64.ActiveCfg = Release|Any CPU
		{82216E6D-0E91-4F76-A37F-1CCA4F9C8AF1}.Release|x64.Build.0 = Release|Any CPU
		{82216E6D-0E91-4F76-A37F-1CCA4F9C8AF1}.Release|x86.ActiveCfg = Release|Any CPU
		{82216E6D-0E91-4F76-A37F-1CCA4F9C8AF1}.Release|x86.Build.0 = Release|Any CPU
		{96CCD08E-C245-4B03-BA21-02AF40BE3260}.Debug|Any CPU.ActiveCfg = Debug|Any CPU
		{96CCD08E-C245-4B03-BA21-02AF40BE3260}.Debug|Any CPU.Build.0 = Debug|Any CPU
		{96CCD08E-C245-4B03-BA21-02AF40BE3260}.Debug|x64.ActiveCfg = Debug|Any CPU
		{96CCD08E-C245-4B03-BA21-02AF40BE3260}.Debug|x64.Build.0 = Debug|Any CPU
		{96CCD08E-C245-4B03-BA21-02AF40BE3260}.Debug|x86.ActiveCfg = Debug|Any CPU
		{96CCD08E-C245-4B03-BA21-02AF40BE3260}.Debug|x86.Build.0 = Debug|Any CPU
		{96CCD08E-C245-4B03-BA21-02AF40BE3260}.Release|Any CPU.ActiveCfg = Release|Any CPU
		{96CCD08E-C245-4B03-BA21-02AF40BE3260}.Release|Any CPU.Build.0 = Release|Any CPU
		{96CCD08E-C245-4B03-BA21-02AF40BE3260}.Release|x64.ActiveCfg = Release|Any CPU
		{96CCD08E-C245-4B03-BA21-02AF40BE3260}.Release|x64.Build.0 = Release|Any CPU
		{96CCD08E-C245-4B03-BA21-02AF40BE3260}.Release|x86.ActiveCfg = Release|Any CPU
		{96CCD08E-C245-4B03-BA21-02AF40BE3260}.Release|x86.Build.0 = Release|Any CPU
		{C6F0825C-1268-472A-ABC7-B91124EB643C}.Debug|Any CPU.ActiveCfg = Debug|Any CPU
		{C6F0825C-1268-472A-ABC7-B91124EB643C}.Debug|Any CPU.Build.0 = Debug|Any CPU
		{C6F0825C-1268-472A-ABC7-B91124EB643C}.Debug|x64.ActiveCfg = Debug|Any CPU
		{C6F0825C-1268-472A-ABC7-B91124EB643C}.Debug|x64.Build.0 = Debug|Any CPU
		{C6F0825C-1268-472A-ABC7-B91124EB643C}.Debug|x86.ActiveCfg = Debug|Any CPU
		{C6F0825C-1268-472A-ABC7-B91124EB643C}.Debug|x86.Build.0 = Debug|Any CPU
		{C6F0825C-1268-472A-ABC7-B91124EB643C}.Release|Any CPU.ActiveCfg = Release|Any CPU
		{C6F0825C-1268-472A-ABC7-B91124EB643C}.Release|Any CPU.Build.0 = Release|Any CPU
		{C6F0825C-1268-472A-ABC7-B91124EB643C}.Release|x64.ActiveCfg = Release|Any CPU
		{C6F0825C-1268-472A-ABC7-B91124EB643C}.Release|x64.Build.0 = Release|Any CPU
		{C6F0825C-1268-472A-ABC7-B91124EB643C}.Release|x86.ActiveCfg = Release|Any CPU
		{C6F0825C-1268-472A-ABC7-B91124EB643C}.Release|x86.Build.0 = Release|Any CPU
		{FA7598FA-528A-4145-B959-D790BB85EB29}.Debug|Any CPU.ActiveCfg = Debug|Any CPU
		{FA7598FA-528A-4145-B959-D790BB85EB29}.Debug|Any CPU.Build.0 = Debug|Any CPU
		{FA7598FA-528A-4145-B959-D790BB85EB29}.Debug|x64.ActiveCfg = Debug|Any CPU
		{FA7598FA-528A-4145-B959-D790BB85EB29}.Debug|x64.Build.0 = Debug|Any CPU
		{FA7598FA-528A-4145-B959-D790BB85EB29}.Debug|x86.ActiveCfg = Debug|Any CPU
		{FA7598FA-528A-4145-B959-D790BB85EB29}.Debug|x86.Build.0 = Debug|Any CPU
		{FA7598FA-528A-4145-B959-D790BB85EB29}.Release|Any CPU.ActiveCfg = Release|Any CPU
		{FA7598FA-528A-4145-B959-D790BB85EB29}.Release|Any CPU.Build.0 = Release|Any CPU
		{FA7598FA-528A-4145-B959-D790BB85EB29}.Release|x64.ActiveCfg = Release|Any CPU
		{FA7598FA-528A-4145-B959-D790BB85EB29}.Release|x64.Build.0 = Release|Any CPU
		{FA7598FA-528A-4145-B959-D790BB85EB29}.Release|x86.ActiveCfg = Release|Any CPU
		{FA7598FA-528A-4145-B959-D790BB85EB29}.Release|x86.Build.0 = Release|Any CPU
		{2C9146E7-7EA5-4752-90B1-CE82598E16CE}.Debug|Any CPU.ActiveCfg = Debug|Any CPU
		{2C9146E7-7EA5-4752-90B1-CE82598E16CE}.Debug|Any CPU.Build.0 = Debug|Any CPU
		{2C9146E7-7EA5-4752-90B1-CE82598E16CE}.Debug|x64.ActiveCfg = Debug|Any CPU
		{2C9146E7-7EA5-4752-90B1-CE82598E16CE}.Debug|x64.Build.0 = Debug|Any CPU
		{2C9146E7-7EA5-4752-90B1-CE82598E16CE}.Debug|x86.ActiveCfg = Debug|Any CPU
		{2C9146E7-7EA5-4752-90B1-CE82598E16CE}.Debug|x86.Build.0 = Debug|Any CPU
		{2C9146E7-7EA5-4752-90B1-CE82598E16CE}.Release|Any CPU.ActiveCfg = Release|Any CPU
		{2C9146E7-7EA5-4752-90B1-CE82598E16CE}.Release|Any CPU.Build.0 = Release|Any CPU
		{2C9146E7-7EA5-4752-90B1-CE82598E16CE}.Release|x64.ActiveCfg = Release|Any CPU
		{2C9146E7-7EA5-4752-90B1-CE82598E16CE}.Release|x64.Build.0 = Release|Any CPU
		{2C9146E7-7EA5-4752-90B1-CE82598E16CE}.Release|x86.ActiveCfg = Release|Any CPU
		{2C9146E7-7EA5-4752-90B1-CE82598E16CE}.Release|x86.Build.0 = Release|Any CPU
		{023564AB-BC72-4F7E-9887-EEECAFEE5C89}.Debug|Any CPU.ActiveCfg = Debug|Any CPU
		{023564AB-BC72-4F7E-9887-EEECAFEE5C89}.Debug|Any CPU.Build.0 = Debug|Any CPU
		{023564AB-BC72-4F7E-9887-EEECAFEE5C89}.Debug|x64.ActiveCfg = Debug|Any CPU
		{023564AB-BC72-4F7E-9887-EEECAFEE5C89}.Debug|x64.Build.0 = Debug|Any CPU
		{023564AB-BC72-4F7E-9887-EEECAFEE5C89}.Debug|x86.ActiveCfg = Debug|Any CPU
		{023564AB-BC72-4F7E-9887-EEECAFEE5C89}.Debug|x86.Build.0 = Debug|Any CPU
		{023564AB-BC72-4F7E-9887-EEECAFEE5C89}.Release|Any CPU.ActiveCfg = Release|Any CPU
		{023564AB-BC72-4F7E-9887-EEECAFEE5C89}.Release|Any CPU.Build.0 = Release|Any CPU
		{023564AB-BC72-4F7E-9887-EEECAFEE5C89}.Release|x64.ActiveCfg = Release|Any CPU
		{023564AB-BC72-4F7E-9887-EEECAFEE5C89}.Release|x64.Build.0 = Release|Any CPU
		{023564AB-BC72-4F7E-9887-EEECAFEE5C89}.Release|x86.ActiveCfg = Release|Any CPU
		{023564AB-BC72-4F7E-9887-EEECAFEE5C89}.Release|x86.Build.0 = Release|Any CPU
		{0CDE8468-D97E-48F1-90E0-32B9CE20C255}.Debug|Any CPU.ActiveCfg = Debug|Any CPU
		{0CDE8468-D97E-48F1-90E0-32B9CE20C255}.Debug|Any CPU.Build.0 = Debug|Any CPU
		{0CDE8468-D97E-48F1-90E0-32B9CE20C255}.Debug|x64.ActiveCfg = Debug|Any CPU
		{0CDE8468-D97E-48F1-90E0-32B9CE20C255}.Debug|x64.Build.0 = Debug|Any CPU
		{0CDE8468-D97E-48F1-90E0-32B9CE20C255}.Debug|x86.ActiveCfg = Debug|Any CPU
		{0CDE8468-D97E-48F1-90E0-32B9CE20C255}.Debug|x86.Build.0 = Debug|Any CPU
		{0CDE8468-D97E-48F1-90E0-32B9CE20C255}.Release|Any CPU.ActiveCfg = Release|Any CPU
		{0CDE8468-D97E-48F1-90E0-32B9CE20C255}.Release|Any CPU.Build.0 = Release|Any CPU
		{0CDE8468-D97E-48F1-90E0-32B9CE20C255}.Release|x64.ActiveCfg = Release|Any CPU
		{0CDE8468-D97E-48F1-90E0-32B9CE20C255}.Release|x64.Build.0 = Release|Any CPU
		{0CDE8468-D97E-48F1-90E0-32B9CE20C255}.Release|x86.ActiveCfg = Release|Any CPU
		{0CDE8468-D97E-48F1-90E0-32B9CE20C255}.Release|x86.Build.0 = Release|Any CPU
	EndGlobalSection
	GlobalSection(SolutionProperties) = preSolution
		HideSolutionNode = FALSE
	EndGlobalSection
	GlobalSection(NestedProjects) = preSolution
		{D3309131-B356-45FC-AF5F-4CB586FF1488} = {827E0CD3-B72D-47B6-A68D-7590B98EB39B}
		{2B76428F-1E18-4B0C-B2BD-DCD557E01C61} = {0AB3BF05-4346-4AA6-1389-037BE0695223}
		{C5712AF4-3229-470D-8156-AA9B1795AC0F} = {827E0CD3-B72D-47B6-A68D-7590B98EB39B}
		{82216E6D-0E91-4F76-A37F-1CCA4F9C8AF1} = {827E0CD3-B72D-47B6-A68D-7590B98EB39B}
		{96CCD08E-C245-4B03-BA21-02AF40BE3260} = {827E0CD3-B72D-47B6-A68D-7590B98EB39B}
		{C6F0825C-1268-472A-ABC7-B91124EB643C} = {827E0CD3-B72D-47B6-A68D-7590B98EB39B}
		{FA7598FA-528A-4145-B959-D790BB85EB29} = {0AB3BF05-4346-4AA6-1389-037BE0695223}
		{2C9146E7-7EA5-4752-90B1-CE82598E16CE} = {0AB3BF05-4346-4AA6-1389-037BE0695223}
		{023564AB-BC72-4F7E-9887-EEECAFEE5C89} = {0AB3BF05-4346-4AA6-1389-037BE0695223}
		{0CDE8468-D97E-48F1-90E0-32B9CE20C255} = {0AB3BF05-4346-4AA6-1389-037BE0695223}
	EndGlobalSection
EndGlobal
